
Microsoft Visual Studio Solution File, Format Version 12.00
# Visual Studio 14
VisualStudioVersion = 14.0.24720.0
MinimumVisualStudioVersion = 10.0.40219.1
Project("{FAE04EC0-301F-11D3-BF4B-00C04F79EFBC}") = "TcpThuong_Server", "LTMang\TcpThuong_Server.csproj", "{9F07AE1A-70CB-487E-B08E-77FF055A0A63}"
EndProject
Project("{FAE04EC0-301F-11D3-BF4B-00C04F79EFBC}") = "TCPThuong_Client", "TCPThuong_Client\TCPThuong_Client.csproj", "{ADD9FF7D-38A5-4439-94FE-7F6B25D3A2FE}"
EndProject
Global
	GlobalSection(SolutionConfigurationPlatforms) = preSolution
		Debug|Any CPU = Debug|Any CPU
		Release|Any CPU = Release|Any CPU
	EndGlobalSection
	GlobalSection(ProjectConfigurationPlatforms) = postSolution
		{9F07AE1A-70CB-487E-B08E-77FF055A0A63}.Debug|Any CPU.ActiveCfg = Debug|Any CPU
		{9F07AE1A-70CB-487E-B08E-77FF055A0A63}.Debug|Any CPU.Build.0 = Debug|Any CPU
		{9F07AE1A-70CB-487E-B08E-77FF055A0A63}.Release|Any CPU.ActiveCfg = Release|Any CPU
		{9F07AE1A-70CB-487E-B08E-77FF055A0A63}.Release|Any CPU.Build.0 = Release|Any CPU
		{ADD9FF7D-38A5-4439-94FE-7F6B25D3A2FE}.Debug|Any CPU.ActiveCfg = Debug|Any CPU
		{ADD9FF7D-38A5-4439-94FE-7F6B25D3A2FE}.Debug|Any CPU.Build.0 = Debug|Any CPU
		{ADD9FF7D-38A5-4439-94FE-7F6B25D3A2FE}.Release|Any CPU.ActiveCfg = Release|Any CPU
		{ADD9FF7D-38A5-4439-94FE-7F6B25D3A2FE}.Release|Any CPU.Build.0 = Release|Any CPU
	EndGlobalSection
	GlobalSection(SolutionProperties) = preSolution
		HideSolutionNode = FALSE
	EndGlobalSection
EndGlobal
